
Microsoft Visual Studio Solution File, Format Version 12.00
# Visual Studio Version 16
VisualStudioVersion = 16.0.29020.237
MinimumVisualStudioVersion = 10.0.40219.1
Project("{8BC9CEB8-8B4A-11D0-8D11-00A0C91BC942}") = "Calendar", "Calendar\Calendar.vcxproj", "{D8DCBAFE-0DF2-4637-BD13-DD020796A89B}"
EndProject
Project("{8BC9CEB8-8B4A-11D0-8D11-00A0C91BC942}") = "Annograms", "Annograms\Annograms.vcxproj", "{6027AAF1-5929-42C3-AFFF-A384B2AF9A43}"
EndProject
Project("{8BC9CEB8-8B4A-11D0-8D11-00A0C91BC942}") = "Capitals", "Capitals\Capitals.vcxproj", "{82B23FFC-35CE-4237-99BF-684DBBA16B98}"
EndProject
Project("{8BC9CEB8-8B4A-11D0-8D11-00A0C91BC942}") = "Costs", "Costs\Costs.vcxproj", "{918B12BB-9324-4BA4-AD70-E245D241760C}"
EndProject
Project("{8BC9CEB8-8B4A-11D0-8D11-00A0C91BC942}") = "DecToBin", "DecToBin\DecToBin.vcxproj", "{7E0553A1-EC6E-4E96-8FDA-481AA1AFDE5E}"
EndProject
Project("{8BC9CEB8-8B4A-11D0-8D11-00A0C91BC942}") = "Factorial", "Factorial\Factorial.vcxproj", "{D0E50BD4-DBE9-4EB2-BEB1-A2F656442DAD}"
EndProject
Project("{8BC9CEB8-8B4A-11D0-8D11-00A0C91BC942}") = "FirstToSecond", "FirstToSecond\FirstToSecond.vcxproj", "{CCCC9F73-B7F4-4315-B823-3ACE75F37E6C}"
EndProject
Project("{8BC9CEB8-8B4A-11D0-8D11-00A0C91BC942}") = "GreatestCommonDivision", "GreatestCommonDivision\GreatestCommonDivision.vcxproj", "{DA0A550C-32C4-470F-A050-031479154AD4}"
EndProject
Project("{8BC9CEB8-8B4A-11D0-8D11-00A0C91BC942}") = "MiddleTemperature", "MiddleTemperature\MiddleTemperature.vcxproj", "{9514D898-0BD2-41EA-B5BA-26532C5A2451}"
EndProject
Project("{8BC9CEB8-8B4A-11D0-8D11-00A0C91BC942}") = "MoveString", "MoveString\MoveString.vcxproj", "{6A450326-2596-43BA-8BD5-9FBAA17D3699}"
EndProject
Project("{8BC9CEB8-8B4A-11D0-8D11-00A0C91BC942}") = "Worry", "Worry\Worry.vcxproj", "{46A14FC4-A137-47FA-9841-D2D43D0A6713}"
EndProject
Project("{8BC9CEB8-8B4A-11D0-8D11-00A0C91BC942}") = "BusStop", "BusStop\BusStop.vcxproj", "{937073F9-CE2C-42C7-A39E-A8AB275D4CA7}"
EndProject
Project("{8BC9CEB8-8B4A-11D0-8D11-00A0C91BC942}") = "BusStop2", "BusStop2\BusStop2.vcxproj", "{32552670-259B-4512-A2CE-EF7777594401}"
EndProject
Project("{8BC9CEB8-8B4A-11D0-8D11-00A0C91BC942}") = "W4_NumberUnicalStings", "W3_NumberUnicalStings\W3_NumberUnicalStings.vcxproj", "{5605C0D1-D53D-4EB4-81EF-69B6F7487565}"
EndProject
Global
	GlobalSection(SolutionConfigurationPlatforms) = preSolution
		Debug|x64 = Debug|x64
		Debug|x86 = Debug|x86
		Release|x64 = Release|x64
		Release|x86 = Release|x86
	EndGlobalSection
	GlobalSection(ProjectConfigurationPlatforms) = postSolution
		{D8DCBAFE-0DF2-4637-BD13-DD020796A89B}.Debug|x64.ActiveCfg = Debug|x64
		{D8DCBAFE-0DF2-4637-BD13-DD020796A89B}.Debug|x64.Build.0 = Debug|x64
		{D8DCBAFE-0DF2-4637-BD13-DD020796A89B}.Debug|x86.ActiveCfg = Debug|Win32
		{D8DCBAFE-0DF2-4637-BD13-DD020796A89B}.Debug|x86.Build.0 = Debug|Win32
		{D8DCBAFE-0DF2-4637-BD13-DD020796A89B}.Release|x64.ActiveCfg = Release|x64
		{D8DCBAFE-0DF2-4637-BD13-DD020796A89B}.Release|x64.Build.0 = Release|x64
		{D8DCBAFE-0DF2-4637-BD13-DD020796A89B}.Release|x86.ActiveCfg = Release|Win32
		{D8DCBAFE-0DF2-4637-BD13-DD020796A89B}.Release|x86.Build.0 = Release|Win32
		{6027AAF1-5929-42C3-AFFF-A384B2AF9A43}.Debug|x64.ActiveCfg = Debug|x64
		{6027AAF1-5929-42C3-AFFF-A384B2AF9A43}.Debug|x64.Build.0 = Debug|x64
		{6027AAF1-5929-42C3-AFFF-A384B2AF9A43}.Debug|x86.ActiveCfg = Debug|Win32
		{6027AAF1-5929-42C3-AFFF-A384B2AF9A43}.Debug|x86.Build.0 = Debug|Win32
		{6027AAF1-5929-42C3-AFFF-A384B2AF9A43}.Release|x64.ActiveCfg = Release|x64
		{6027AAF1-5929-42C3-AFFF-A384B2AF9A43}.Release|x64.Build.0 = Release|x64
		{6027AAF1-5929-42C3-AFFF-A384B2AF9A43}.Release|x86.ActiveCfg = Release|Win32
		{6027AAF1-5929-42C3-AFFF-A384B2AF9A43}.Release|x86.Build.0 = Release|Win32
		{82B23FFC-35CE-4237-99BF-684DBBA16B98}.Debug|x64.ActiveCfg = Debug|x64
		{82B23FFC-35CE-4237-99BF-684DBBA16B98}.Debug|x64.Build.0 = Debug|x64
		{82B23FFC-35CE-4237-99BF-684DBBA16B98}.Debug|x86.ActiveCfg = Debug|Win32
		{82B23FFC-35CE-4237-99BF-684DBBA16B98}.Debug|x86.Build.0 = Debug|Win32
		{82B23FFC-35CE-4237-99BF-684DBBA16B98}.Release|x64.ActiveCfg = Release|x64
		{82B23FFC-35CE-4237-99BF-684DBBA16B98}.Release|x64.Build.0 = Release|x64
		{82B23FFC-35CE-4237-99BF-684DBBA16B98}.Release|x86.ActiveCfg = Release|Win32
		{82B23FFC-35CE-4237-99BF-684DBBA16B98}.Release|x86.Build.0 = Release|Win32
		{918B12BB-9324-4BA4-AD70-E245D241760C}.Debug|x64.ActiveCfg = Debug|x64
		{918B12BB-9324-4BA4-AD70-E245D241760C}.Debug|x64.Build.0 = Debug|x64
		{918B12BB-9324-4BA4-AD70-E245D241760C}.Debug|x86.ActiveCfg = Debug|Win32
		{918B12BB-9324-4BA4-AD70-E245D241760C}.Debug|x86.Build.0 = Debug|Win32
		{918B12BB-9324-4BA4-AD70-E245D241760C}.Release|x64.ActiveCfg = Release|x64
		{918B12BB-9324-4BA4-AD70-E245D241760C}.Release|x64.Build.0 = Release|x64
		{918B12BB-9324-4BA4-AD70-E245D241760C}.Release|x86.ActiveCfg = Release|Win32
		{918B12BB-9324-4BA4-AD70-E245D241760C}.Release|x86.Build.0 = Release|Win32
		{7E0553A1-EC6E-4E96-8FDA-481AA1AFDE5E}.Debug|x64.ActiveCfg = Debug|x64
		{7E0553A1-EC6E-4E96-8FDA-481AA1AFDE5E}.Debug|x64.Build.0 = Debug|x64
		{7E0553A1-EC6E-4E96-8FDA-481AA1AFDE5E}.Debug|x86.ActiveCfg = Debug|Win32
		{7E0553A1-EC6E-4E96-8FDA-481AA1AFDE5E}.Debug|x86.Build.0 = Debug|Win32
		{7E0553A1-EC6E-4E96-8FDA-481AA1AFDE5E}.Release|x64.ActiveCfg = Release|x64
		{7E0553A1-EC6E-4E96-8FDA-481AA1AFDE5E}.Release|x64.Build.0 = Release|x64
		{7E0553A1-EC6E-4E96-8FDA-481AA1AFDE5E}.Release|x86.ActiveCfg = Release|Win32
		{7E0553A1-EC6E-4E96-8FDA-481AA1AFDE5E}.Release|x86.Build.0 = Release|Win32
		{D0E50BD4-DBE9-4EB2-BEB1-A2F656442DAD}.Debug|x64.ActiveCfg = Debug|x64
		{D0E50BD4-DBE9-4EB2-BEB1-A2F656442DAD}.Debug|x64.Build.0 = Debug|x64
		{D0E50BD4-DBE9-4EB2-BEB1-A2F656442DAD}.Debug|x86.ActiveCfg = Debug|Win32
		{D0E50BD4-DBE9-4EB2-BEB1-A2F656442DAD}.Debug|x86.Build.0 = Debug|Win32
		{D0E50BD4-DBE9-4EB2-BEB1-A2F656442DAD}.Release|x64.ActiveCfg = Release|x64
		{D0E50BD4-DBE9-4EB2-BEB1-A2F656442DAD}.Release|x64.Build.0 = Release|x64
		{D0E50BD4-DBE9-4EB2-BEB1-A2F656442DAD}.Release|x86.ActiveCfg = Release|Win32
		{D0E50BD4-DBE9-4EB2-BEB1-A2F656442DAD}.Release|x86.Build.0 = Release|Win32
		{CCCC9F73-B7F4-4315-B823-3ACE75F37E6C}.Debug|x64.ActiveCfg = Debug|x64
		{CCCC9F73-B7F4-4315-B823-3ACE75F37E6C}.Debug|x64.Build.0 = Debug|x64
		{CCCC9F73-B7F4-4315-B823-3ACE75F37E6C}.Debug|x86.ActiveCfg = Debug|Win32
		{CCCC9F73-B7F4-4315-B823-3ACE75F37E6C}.Debug|x86.Build.0 = Debug|Win32
		{CCCC9F73-B7F4-4315-B823-3ACE75F37E6C}.Release|x64.ActiveCfg = Release|x64
		{CCCC9F73-B7F4-4315-B823-3ACE75F37E6C}.Release|x64.Build.0 = Release|x64
		{CCCC9F73-B7F4-4315-B823-3ACE75F37E6C}.Release|x86.ActiveCfg = Release|Win32
		{CCCC9F73-B7F4-4315-B823-3ACE75F37E6C}.Release|x86.Build.0 = Release|Win32
		{DA0A550C-32C4-470F-A050-031479154AD4}.Debug|x64.ActiveCfg = Debug|x64
		{DA0A550C-32C4-470F-A050-031479154AD4}.Debug|x64.Build.0 = Debug|x64
		{DA0A550C-32C4-470F-A050-031479154AD4}.Debug|x86.ActiveCfg = Debug|Win32
		{DA0A550C-32C4-470F-A050-031479154AD4}.Debug|x86.Build.0 = Debug|Win32
		{DA0A550C-32C4-470F-A050-031479154AD4}.Release|x64.ActiveCfg = Release|x64
		{DA0A550C-32C4-470F-A050-031479154AD4}.Release|x64.Build.0 = Release|x64
		{DA0A550C-32C4-470F-A050-031479154AD4}.Release|x86.ActiveCfg = Release|Win32
		{DA0A550C-32C4-470F-A050-031479154AD4}.Release|x86.Build.0 = Release|Win32
		{9514D898-0BD2-41EA-B5BA-26532C5A2451}.Debug|x64.ActiveCfg = Debug|x64
		{9514D898-0BD2-41EA-B5BA-26532C5A2451}.Debug|x64.Build.0 = Debug|x64
		{9514D898-0BD2-41EA-B5BA-26532C5A2451}.Debug|x86.ActiveCfg = Debug|Win32
		{9514D898-0BD2-41EA-B5BA-26532C5A2451}.Debug|x86.Build.0 = Debug|Win32
		{9514D898-0BD2-41EA-B5BA-26532C5A2451}.Release|x64.ActiveCfg = Release|x64
		{9514D898-0BD2-41EA-B5BA-26532C5A2451}.Release|x64.Build.0 = Release|x64
		{9514D898-0BD2-41EA-B5BA-26532C5A2451}.Release|x86.ActiveCfg = Release|Win32
		{9514D898-0BD2-41EA-B5BA-26532C5A2451}.Release|x86.Build.0 = Release|Win32
		{6A450326-2596-43BA-8BD5-9FBAA17D3699}.Debug|x64.ActiveCfg = Debug|x64
		{6A450326-2596-43BA-8BD5-9FBAA17D3699}.Debug|x64.Build.0 = Debug|x64
		{6A450326-2596-43BA-8BD5-9FBAA17D3699}.Debug|x86.ActiveCfg = Debug|Win32
		{6A450326-2596-43BA-8BD5-9FBAA17D3699}.Debug|x86.Build.0 = Debug|Win32
		{6A450326-2596-43BA-8BD5-9FBAA17D3699}.Release|x64.ActiveCfg = Release|x64
		{6A450326-2596-43BA-8BD5-9FBAA17D3699}.Release|x64.Build.0 = Release|x64
		{6A450326-2596-43BA-8BD5-9FBAA17D3699}.Release|x86.ActiveCfg = Release|Win32
		{6A450326-2596-43BA-8BD5-9FBAA17D3699}.Release|x86.Build.0 = Release|Win32
		{46A14FC4-A137-47FA-9841-D2D43D0A6713}.Debug|x64.ActiveCfg = Debug|x64
		{46A14FC4-A137-47FA-9841-D2D43D0A6713}.Debug|x64.Build.0 = Debug|x64
		{46A14FC4-A137-47FA-9841-D2D43D0A6713}.Debug|x86.ActiveCfg = Debug|Win32
		{46A14FC4-A137-47FA-9841-D2D43D0A6713}.Debug|x86.Build.0 = Debug|Win32
		{46A14FC4-A137-47FA-9841-D2D43D0A6713}.Release|x64.ActiveCfg = Release|x64
		{46A14FC4-A137-47FA-9841-D2D43D0A6713}.Release|x64.Build.0 = Release|x64
		{46A14FC4-A137-47FA-9841-D2D43D0A6713}.Release|x86.ActiveCfg = Release|Win32
		{46A14FC4-A137-47FA-9841-D2D43D0A6713}.Release|x86.Build.0 = Release|Win32
		{937073F9-CE2C-42C7-A39E-A8AB275D4CA7}.Debug|x64.ActiveCfg = Debug|x64
		{937073F9-CE2C-42C7-A39E-A8AB275D4CA7}.Debug|x64.Build.0 = Debug|x64
		{937073F9-CE2C-42C7-A39E-A8AB275D4CA7}.Debug|x86.ActiveCfg = Debug|Win32
		{937073F9-CE2C-42C7-A39E-A8AB275D4CA7}.Debug|x86.Build.0 = Debug|Win32
		{937073F9-CE2C-42C7-A39E-A8AB275D4CA7}.Release|x64.ActiveCfg = Release|x64
		{937073F9-CE2C-42C7-A39E-A8AB275D4CA7}.Release|x64.Build.0 = Release|x64
		{937073F9-CE2C-42C7-A39E-A8AB275D4CA7}.Release|x86.ActiveCfg = Release|Win32
		{937073F9-CE2C-42C7-A39E-A8AB275D4CA7}.Release|x86.Build.0 = Release|Win32
		{32552670-259B-4512-A2CE-EF7777594401}.Debug|x64.ActiveCfg = Debug|x64
		{32552670-259B-4512-A2CE-EF7777594401}.Debug|x64.Build.0 = Debug|x64
		{32552670-259B-4512-A2CE-EF7777594401}.Debug|x86.ActiveCfg = Debug|Win32
		{32552670-259B-4512-A2CE-EF7777594401}.Debug|x86.Build.0 = Debug|Win32
		{32552670-259B-4512-A2CE-EF7777594401}.Release|x64.ActiveCfg = Release|x64
		{32552670-259B-4512-A2CE-EF7777594401}.Release|x64.Build.0 = Release|x64
		{32552670-259B-4512-A2CE-EF7777594401}.Release|x86.ActiveCfg = Release|Win32
		{32552670-259B-4512-A2CE-EF7777594401}.Release|x86.Build.0 = Release|Win32
		{5605C0D1-D53D-4EB4-81EF-69B6F7487565}.Debug|x64.ActiveCfg = Debug|x64
		{5605C0D1-D53D-4EB4-81EF-69B6F7487565}.Debug|x64.Build.0 = Debug|x64
		{5605C0D1-D53D-4EB4-81EF-69B6F7487565}.Debug|x86.ActiveCfg = Debug|Win32
		{5605C0D1-D53D-4EB4-81EF-69B6F7487565}.Debug|x86.Build.0 = Debug|Win32
		{5605C0D1-D53D-4EB4-81EF-69B6F7487565}.Release|x64.ActiveCfg = Release|x64
		{5605C0D1-D53D-4EB4-81EF-69B6F7487565}.Release|x64.Build.0 = Release|x64
		{5605C0D1-D53D-4EB4-81EF-69B6F7487565}.Release|x86.ActiveCfg = Release|Win32
		{5605C0D1-D53D-4EB4-81EF-69B6F7487565}.Release|x86.Build.0 = Release|Win32
	EndGlobalSection
	GlobalSection(SolutionProperties) = preSolution
		HideSolutionNode = FALSE
	EndGlobalSection
	GlobalSection(ExtensibilityGlobals) = postSolution
		SolutionGuid = {D5705D14-A7D9-4E45-8945-752B42F6B975}
	EndGlobalSection
EndGlobal
