
Microsoft Visual Studio Solution File, Format Version 12.00
# Visual Studio Version 16
VisualStudioVersion = 16.0.29020.237
MinimumVisualStudioVersion = 10.0.40219.1
Project("{8BC9CEB8-8B4A-11D0-8D11-00A0C91BC942}") = "Calendar", "Calendar\Calendar.vcxproj", "{D8DCBAFE-0DF2-4637-BD13-DD020796A89B}"
EndProject
Project("{8BC9CEB8-8B4A-11D0-8D11-00A0C91BC942}") = "Annograms", "Annograms\Annograms.vcxproj", "{6027AAF1-5929-42C3-AFFF-A384B2AF9A43}"
EndProject
Project("{8BC9CEB8-8B4A-11D0-8D11-00A0C91BC942}") = "Capitals", "Capitals\Capitals.vcxproj", "{82B23FFC-35CE-4237-99BF-684DBBA16B98}"
EndProject
Global
	GlobalSection(SolutionConfigurationPlatforms) = preSolution
		Debug|x64 = Debug|x64
		Debug|x86 = Debug|x86
		Release|x64 = Release|x64
		Release|x86 = Release|x86
	EndGlobalSection
	GlobalSection(ProjectConfigurationPlatforms) = postSolution
		{D8DCBAFE-0DF2-4637-BD13-DD020796A89B}.Debug|x64.ActiveCfg = Debug|x64
		{D8DCBAFE-0DF2-4637-BD13-DD020796A89B}.Debug|x64.Build.0 = Debug|x64
		{D8DCBAFE-0DF2-4637-BD13-DD020796A89B}.Debug|x86.ActiveCfg = Debug|Win32
		{D8DCBAFE-0DF2-4637-BD13-DD020796A89B}.Debug|x86.Build.0 = Debug|Win32
		{D8DCBAFE-0DF2-4637-BD13-DD020796A89B}.Release|x64.ActiveCfg = Release|x64
		{D8DCBAFE-0DF2-4637-BD13-DD020796A89B}.Release|x64.Build.0 = Release|x64
		{D8DCBAFE-0DF2-4637-BD13-DD020796A89B}.Release|x86.ActiveCfg = Release|Win32
		{D8DCBAFE-0DF2-4637-BD13-DD020796A89B}.Release|x86.Build.0 = Release|Win32
		{6027AAF1-5929-42C3-AFFF-A384B2AF9A43}.Debug|x64.ActiveCfg = Debug|x64
		{6027AAF1-5929-42C3-AFFF-A384B2AF9A43}.Debug|x64.Build.0 = Debug|x64
		{6027AAF1-5929-42C3-AFFF-A384B2AF9A43}.Debug|x86.ActiveCfg = Debug|Win32
		{6027AAF1-5929-42C3-AFFF-A384B2AF9A43}.Debug|x86.Build.0 = Debug|Win32
		{6027AAF1-5929-42C3-AFFF-A384B2AF9A43}.Release|x64.ActiveCfg = Release|x64
		{6027AAF1-5929-42C3-AFFF-A384B2AF9A43}.Release|x64.Build.0 = Release|x64
		{6027AAF1-5929-42C3-AFFF-A384B2AF9A43}.Release|x86.ActiveCfg = Release|Win32
		{6027AAF1-5929-42C3-AFFF-A384B2AF9A43}.Release|x86.Build.0 = Release|Win32
		{82B23FFC-35CE-4237-99BF-684DBBA16B98}.Debug|x64.ActiveCfg = Debug|x64
		{82B23FFC-35CE-4237-99BF-684DBBA16B98}.Debug|x64.Build.0 = Debug|x64
		{82B23FFC-35CE-4237-99BF-684DBBA16B98}.Debug|x86.ActiveCfg = Debug|Win32
		{82B23FFC-35CE-4237-99BF-684DBBA16B98}.Debug|x86.Build.0 = Debug|Win32
		{82B23FFC-35CE-4237-99BF-684DBBA16B98}.Release|x64.ActiveCfg = Release|x64
		{82B23FFC-35CE-4237-99BF-684DBBA16B98}.Release|x64.Build.0 = Release|x64
		{82B23FFC-35CE-4237-99BF-684DBBA16B98}.Release|x86.ActiveCfg = Release|Win32
		{82B23FFC-35CE-4237-99BF-684DBBA16B98}.Release|x86.Build.0 = Release|Win32
	EndGlobalSection
	GlobalSection(SolutionProperties) = preSolution
		HideSolutionNode = FALSE
	EndGlobalSection
	GlobalSection(ExtensibilityGlobals) = postSolution
		SolutionGuid = {D5705D14-A7D9-4E45-8945-752B42F6B975}
	EndGlobalSection
EndGlobal
